
Microsoft Visual Studio Solution File, Format Version 12.00
# Visual Studio Version 16
VisualStudioVersion = 16.0.30509.190
MinimumVisualStudioVersion = 10.0.40219.1
Project("{9A19103F-16F7-4668-BE54-9A1E7A4F7556}") = "GeneratorsBestPracticesLiveDemo", "GeneratorsBestPracticesLiveDemo\GeneratorsBestPracticesLiveDemo.csproj", "{53217733-31EE-4656-A199-84DAFA9AB1AB}"
EndProject
Project("{9A19103F-16F7-4668-BE54-9A1E7A4F7556}") = "LoggingGenerator", "LoggingGenerator\LoggingGenerator.csproj", "{128D061C-DB53-4257-9DF2-0B4A568C1F2A}"
EndProject
Global
	GlobalSection(SolutionConfigurationPlatforms) = preSolution
		Debug|Any CPU = Debug|Any CPU
		Release|Any CPU = Release|Any CPU
	EndGlobalSection
	GlobalSection(ProjectConfigurationPlatforms) = postSolution
		{53217733-31EE-4656-A199-84DAFA9AB1AB}.Debug|Any CPU.ActiveCfg = Debug|Any CPU
		{53217733-31EE-4656-A199-84DAFA9AB1AB}.Debug|Any CPU.Build.0 = Debug|Any CPU
		{53217733-31EE-4656-A199-84DAFA9AB1AB}.Release|Any CPU.ActiveCfg = Release|Any CPU
		{53217733-31EE-4656-A199-84DAFA9AB1AB}.Release|Any CPU.Build.0 = Release|Any CPU
		{128D061C-DB53-4257-9DF2-0B4A568C1F2A}.Debug|Any CPU.ActiveCfg = Debug|Any CPU
		{128D061C-DB53-4257-9DF2-0B4A568C1F2A}.Debug|Any CPU.Build.0 = Debug|Any CPU
		{128D061C-DB53-4257-9DF2-0B4A568C1F2A}.Release|Any CPU.ActiveCfg = Release|Any CPU
		{128D061C-DB53-4257-9DF2-0B4A568C1F2A}.Release|Any CPU.Build.0 = Release|Any CPU
	EndGlobalSection
	GlobalSection(SolutionProperties) = preSolution
		HideSolutionNode = FALSE
	EndGlobalSection
	GlobalSection(ExtensibilityGlobals) = postSolution
		SolutionGuid = {531ABDA6-02FC-417C-9810-4B8273200485}
	EndGlobalSection
EndGlobal
